
Microsoft Visual Studio Solution File, Format Version 12.00
# Visual Studio Version 17
VisualStudioVersion = 17.8.34316.72
MinimumVisualStudioVersion = 10.0.40219.1
Project("{FAE04EC0-301F-11D3-BF4B-00C04F79EFBC}") = "TheListener", "TheListener\TheListener.csproj", "{2651FA47-93B2-4343-9DA7-AD8799706AEB}"
EndProject
Global
	GlobalSection(SolutionConfigurationPlatforms) = preSolution
		Debug|Any CPU = Debug|Any CPU
		Release|Any CPU = Release|Any CPU
	EndGlobalSection
	GlobalSection(ProjectConfigurationPlatforms) = postSolution
		{2651FA47-93B2-4343-9DA7-AD8799706AEB}.Debug|Any CPU.ActiveCfg = Debug|Any CPU
		{2651FA47-93B2-4343-9DA7-AD8799706AEB}.Debug|Any CPU.Build.0 = Debug|Any CPU
		{2651FA47-93B2-4343-9DA7-AD8799706AEB}.Release|Any CPU.ActiveCfg = Release|Any CPU
		{2651FA47-93B2-4343-9DA7-AD8799706AEB}.Release|Any CPU.Build.0 = Release|Any CPU
	EndGlobalSection
	GlobalSection(SolutionProperties) = preSolution
		HideSolutionNode = FALSE
	EndGlobalSection
	GlobalSection(ExtensibilityGlobals) = postSolution
		SolutionGuid = {475A5A56-8A49-4351-A0D9-59914DB3155C}
	EndGlobalSection
EndGlobal
